// !$*UTF8*$!
{
	archiveVersion = 1;
	classes = {
	};
	objectVersion = 46;
	objects = {

/* Begin PBXGroup section */
		133CDDBF1544556F0004073F = {
			isa = PBXGroup;
			children = (
			);
			sourceTree = "<group>";
		};
/* End PBXGroup section */

/* Begin PBXProject section */
		133CDDC11544556F0004073F /* Project object */ = {
			isa = PBXProject;
			attributes = {
				LastUpgradeCheck = 0430;
				ORGANIZATIONNAME = Prioregroup.com;
			};
			buildConfigurationList = 133CDDC41544556F0004073F /* Build configuration list for PBXProject "WebBrowserLite" */;
			compatibilityVersion = "Xcode 3.2";
			developmentRegion = English;
			hasScannedForEncodings = 0;
			knownRegions = (
				en,
			);
			mainGroup = 133CDDBF1544556F0004073F;
			projectDirPath = "";
			projectRoot = "";
			targets = (
			);
		};
/* End PBXProject section */

/* Begin XCBuildConfiguration section */
		133CDDC61544556F0004073F /* Debug */ = {
			isa = XCBuildConfiguration;
			buildSettings = {
			};
			name = Debug;
		};
		133CDDC71544556F0004073F /* Release */ = {
			isa = XCBuildConfiguration;
			buildSettings = {
			};
			name = Release;
		};
/* End XCBuildConfiguration section */

/* Begin XCConfigurationList section */
		133CDDC41544556F0004073F /* Build configuration list for PBXProject "WebBrowserLite" */ = {
			isa = XCConfigurationList;
			buildConfigurations = (
				133CDDC61544556F0004073F /* Debug */,
				133CDDC71544556F0004073F /* Release */,
			);
			defaultConfigurationIsVisible = 0;
			defaultConfigurationName = Release;
		};
/* End XCConfigurationList section */
	};
	rootObject = 133CDDC11544556F0004073F /* Project object */;
}
